// !$*UTF8*$!
{
	archiveVersion = 1;
	classes = {
	};
	objectVersion = 50;
	objects = {

/* Begin PBXBuildFile section */
		6D37413924FA846A0048C08C /* RegisterViewController.swift in Sources */ = {isa = PBXBuildFile; fileRef = 6D37413824FA846A0048C08C /* RegisterViewController.swift */; };
		6D37413B24FA88810048C08C /* LoginViewController.swift in Sources */ = {isa = PBXBuildFile; fileRef = 6D37413A24FA88810048C08C /* LoginViewController.swift */; };
		6D37413D24FA8CF70048C08C /* ChatViewController.swift in Sources */ = {isa = PBXBuildFile; fileRef = 6D37413C24FA8CF70048C08C /* ChatViewController.swift */; };
		6D37414224FA8E4F0048C08C /* MessageCell.swift in Sources */ = {isa = PBXBuildFile; fileRef = 6D37414024FA8E4F0048C08C /* MessageCell.swift */; };
		6D37414324FA8E4F0048C08C /* MessageCell.xib in Resources */ = {isa = PBXBuildFile; fileRef = 6D37414124FA8E4F0048C08C /* MessageCell.xib */; };
		6D37414524FA90FB0048C08C /* Message.swift in Sources */ = {isa = PBXBuildFile; fileRef = 6D37414424FA90FB0048C08C /* Message.swift */; };
		6DFAFDDF24F6FCDF0005E49B /* AppDelegate.swift in Sources */ = {isa = PBXBuildFile; fileRef = 6DFAFDDE24F6FCDF0005E49B /* AppDelegate.swift */; };
		6DFAFDE124F6FCDF0005E49B /* SceneDelegate.swift in Sources */ = {isa = PBXBuildFile; fileRef = 6DFAFDE024F6FCDF0005E49B /* SceneDelegate.swift */; };
		6DFAFDE324F6FCDF0005E49B /* WelcomeViewController.swift in Sources */ = {isa = PBXBuildFile; fileRef = 6DFAFDE224F6FCDF0005E49B /* WelcomeViewController.swift */; };
		6DFAFDE624F6FCDF0005E49B /* Main.storyboard in Resources */ = {isa = PBXBuildFile; fileRef = 6DFAFDE424F6FCDF0005E49B /* Main.storyboard */; };
		6DFAFDE824F6FCE00005E49B /* Assets.xcassets in Resources */ = {isa = PBXBuildFile; fileRef = 6DFAFDE724F6FCE00005E49B /* Assets.xcassets */; };
		6DFAFDEB24F6FCE00005E49B /* LaunchScreen.storyboard in Resources */ = {isa = PBXBuildFile; fileRef = 6DFAFDE924F6FCE00005E49B /* LaunchScreen.storyboard */; };
		6DFAFDF324F702D90005E49B /* Constants.swift in Sources */ = {isa = PBXBuildFile; fileRef = 6DFAFDF224F702D90005E49B /* Constants.swift */; };
/* End PBXBuildFile section */

/* Begin PBXFileReference section */
		6D37413824FA846A0048C08C /* RegisterViewController.swift */ = {isa = PBXFileReference; lastKnownFileType = sourcecode.swift; path = RegisterViewController.swift; sourceTree = "<group>"; };
		6D37413A24FA88810048C08C /* LoginViewController.swift */ = {isa = PBXFileReference; lastKnownFileType = sourcecode.swift; path = LoginViewController.swift; sourceTree = "<group>"; };
		6D37413C24FA8CF70048C08C /* ChatViewController.swift */ = {isa = PBXFileReference; lastKnownFileType = sourcecode.swift; path = ChatViewController.swift; sourceTree = "<group>"; };
		6D37414024FA8E4F0048C08C /* MessageCell.swift */ = {isa = PBXFileReference; lastKnownFileType = sourcecode.swift; path = MessageCell.swift; sourceTree = "<group>"; };
		6D37414124FA8E4F0048C08C /* MessageCell.xib */ = {isa = PBXFileReference; lastKnownFileType = file.xib; path = MessageCell.xib; sourceTree = "<group>"; };
		6D37414424FA90FB0048C08C /* Message.swift */ = {isa = PBXFileReference; lastKnownFileType = sourcecode.swift; path = Message.swift; sourceTree = "<group>"; };
		6DFAFDDB24F6FCDF0005E49B /* FlashChat.app */ = {isa = PBXFileReference; explicitFileType = wrapper.application; includeInIndex = 0; path = FlashChat.app; sourceTree = BUILT_PRODUCTS_DIR; };
		6DFAFDDE24F6FCDF0005E49B /* AppDelegate.swift */ = {isa = PBXFileReference; lastKnownFileType = sourcecode.swift; path = AppDelegate.swift; sourceTree = "<group>"; };
		6DFAFDE024F6FCDF0005E49B /* SceneDelegate.swift */ = {isa = PBXFileReference; lastKnownFileType = sourcecode.swift; path = SceneDelegate.swift; sourceTree = "<group>"; };
		6DFAFDE224F6FCDF0005E49B /* WelcomeViewController.swift */ = {isa = PBXFileReference; lastKnownFileType = sourcecode.swift; path = WelcomeViewController.swift; sourceTree = "<group>"; };
		6DFAFDE524F6FCDF0005E49B /* Base */ = {isa = PBXFileReference; lastKnownFileType = file.storyboard; name = Base; path = Base.lproj/Main.storyboard; sourceTree = "<group>"; };
		6DFAFDE724F6FCE00005E49B /* Assets.xcassets */ = {isa = PBXFileReference; lastKnownFileType = folder.assetcatalog; path = Assets.xcassets; sourceTree = "<group>"; };
		6DFAFDEA24F6FCE00005E49B /* Base */ = {isa = PBXFileReference; lastKnownFileType = file.storyboard; name = Base; path = Base.lproj/LaunchScreen.storyboard; sourceTree = "<group>"; };
		6DFAFDEC24F6FCE00005E49B /* Info.plist */ = {isa = PBXFileReference; lastKnownFileType = text.plist.xml; path = Info.plist; sourceTree = "<group>"; };
		6DFAFDF224F702D90005E49B /* Constants.swift */ = {isa = PBXFileReference; lastKnownFileType = sourcecode.swift; path = Constants.swift; sourceTree = "<group>"; };
/* End PBXFileReference section */

/* Begin PBXFrameworksBuildPhase section */
		6DFAFDD824F6FCDF0005E49B /* Frameworks */ = {
			isa = PBXFrameworksBuildPhase;
			buildActionMask = 2147483647;
			files = (
			);
			runOnlyForDeploymentPostprocessing = 0;
		};
/* End PBXFrameworksBuildPhase section */

/* Begin PBXGroup section */
		6D37413E24FA8DDD0048C08C /* Controllers */ = {
			isa = PBXGroup;
			children = (
				6DFAFDE224F6FCDF0005E49B /* WelcomeViewController.swift */,
				6D37413824FA846A0048C08C /* RegisterViewController.swift */,
				6D37413A24FA88810048C08C /* LoginViewController.swift */,
				6D37413C24FA8CF70048C08C /* ChatViewController.swift */,
			);
			path = Controllers;
			sourceTree = "<group>";
		};
		6D37413F24FA8E000048C08C /* Views */ = {
			isa = PBXGroup;
			children = (
				6DFAFDE424F6FCDF0005E49B /* Main.storyboard */,
				6D37414024FA8E4F0048C08C /* MessageCell.swift */,
				6D37414124FA8E4F0048C08C /* MessageCell.xib */,
			);
			path = Views;
			sourceTree = "<group>";
		};
		6D37414624FA91030048C08C /* Models */ = {
			isa = PBXGroup;
			children = (
				6D37414424FA90FB0048C08C /* Message.swift */,
			);
			path = Models;
			sourceTree = "<group>";
		};
		6DFAFDD224F6FCDF0005E49B = {
			isa = PBXGroup;
			children = (
				6DFAFDDD24F6FCDF0005E49B /* FlashChat */,
				6DFAFDDC24F6FCDF0005E49B /* Products */,
			);
			sourceTree = "<group>";
		};
		6DFAFDDC24F6FCDF0005E49B /* Products */ = {
			isa = PBXGroup;
			children = (
				6DFAFDDB24F6FCDF0005E49B /* FlashChat.app */,
			);
			name = Products;
			sourceTree = "<group>";
		};
		6DFAFDDD24F6FCDF0005E49B /* FlashChat */ = {
			isa = PBXGroup;
			children = (
				6DFAFDDE24F6FCDF0005E49B /* AppDelegate.swift */,
				6DFAFDE024F6FCDF0005E49B /* SceneDelegate.swift */,
				6D37414624FA91030048C08C /* Models */,
				6D37413F24FA8E000048C08C /* Views */,
				6D37413E24FA8DDD0048C08C /* Controllers */,
				6DFAFDE724F6FCE00005E49B /* Assets.xcassets */,
				6DFAFDE924F6FCE00005E49B /* LaunchScreen.storyboard */,
				6DFAFDEC24F6FCE00005E49B /* Info.plist */,
				6DFAFDF224F702D90005E49B /* Constants.swift */,
			);
			path = FlashChat;
			sourceTree = "<group>";
		};
/* End PBXGroup section */

/* Begin PBXNativeTarget section */
		6DFAFDDA24F6FCDF0005E49B /* FlashChat */ = {
			isa = PBXNativeTarget;
			buildConfigurationList = 6DFAFDEF24F6FCE00005E49B /* Build configuration list for PBXNativeTarget "FlashChat" */;
			buildPhases = (
				6DFAFDD724F6FCDF0005E49B /* Sources */,
				6DFAFDD824F6FCDF0005E49B /* Frameworks */,
				6DFAFDD924F6FCDF0005E49B /* Resources */,
			);
			buildRules = (
			);
			dependencies = (
			);
			name = FlashChat;
			productName = FlashChat;
			productReference = 6DFAFDDB24F6FCDF0005E49B /* FlashChat.app */;
			productType = "com.apple.product-type.application";
		};
/* End PBXNativeTarget section */

/* Begin PBXProject section */
		6DFAFDD324F6FCDF0005E49B /* Project object */ = {
			isa = PBXProject;
			attributes = {
				LastSwiftUpdateCheck = 1160;
				LastUpgradeCheck = 1160;
				ORGANIZATIONNAME = Edgar;
				TargetAttributes = {
					6DFAFDDA24F6FCDF0005E49B = {
						CreatedOnToolsVersion = 11.6;
					};
				};
			};
			buildConfigurationList = 6DFAFDD624F6FCDF0005E49B /* Build configuration list for PBXProject "FlashChat" */;
			compatibilityVersion = "Xcode 9.3";
			developmentRegion = en;
			hasScannedForEncodings = 0;
			knownRegions = (
				en,
				Base,
			);
			mainGroup = 6DFAFDD224F6FCDF0005E49B;
			productRefGroup = 6DFAFDDC24F6FCDF0005E49B /* Products */;
			projectDirPath = "";
			projectRoot = "";
			targets = (
				6DFAFDDA24F6FCDF0005E49B /* FlashChat */,
			);
		};
/* End PBXProject section */

/* Begin PBXResourcesBuildPhase section */
		6DFAFDD924F6FCDF0005E49B /* Resources */ = {
			isa = PBXResourcesBuildPhase;
			buildActionMask = 2147483647;
			files = (
				6DFAFDEB24F6FCE00005E49B /* LaunchScreen.storyboard in Resources */,
				6D37414324FA8E4F0048C08C /* MessageCell.xib in Resources */,
				6DFAFDE824F6FCE00005E49B /* Assets.xcassets in Resources */,
				6DFAFDE624F6FCDF0005E49B /* Main.storyboard in Resources */,
			);
			runOnlyForDeploymentPostprocessing = 0;
		};
/* End PBXResourcesBuildPhase section */

/* Begin PBXSourcesBuildPhase section */
		6DFAFDD724F6FCDF0005E49B /* Sources */ = {
			isa = PBXSourcesBuildPhase;
			buildActionMask = 2147483647;
			files = (
				6D37413B24FA88810048C08C /* LoginViewController.swift in Sources */,
				6D37414224FA8E4F0048C08C /* MessageCell.swift in Sources */,
				6DFAFDE324F6FCDF0005E49B /* WelcomeViewController.swift in Sources */,
				6D37414524FA90FB0048C08C /* Message.swift in Sources */,
				6DFAFDDF24F6FCDF0005E49B /* AppDelegate.swift in Sources */,
				6D37413D24FA8CF70048C08C /* ChatViewController.swift in Sources */,
				6DFAFDE124F6FCDF0005E49B /* SceneDelegate.swift in Sources */,
				6D37413924FA846A0048C08C /* RegisterViewController.swift in Sources */,
				6DFAFDF324F702D90005E49B /* Constants.swift in Sources */,
			);
			runOnlyForDeploymentPostprocessing = 0;
		};
/* End PBXSourcesBuildPhase section */

/* Begin PBXVariantGroup section */
		6DFAFDE424F6FCDF0005E49B /* Main.storyboard */ = {
			isa = PBXVariantGroup;
			children = (
				6DFAFDE524F6FCDF0005E49B /* Base */,
			);
			name = Main.storyboard;
			sourceTree = "<group>";
		};
		6DFAFDE924F6FCE00005E49B /* LaunchScreen.storyboard */ = {
			isa = PBXVariantGroup;
			children = (
				6DFAFDEA24F6FCE00005E49B /* Base */,
			);
			name = LaunchScreen.storyboard;
			sourceTree = "<group>";
		};
/* End PBXVariantGroup section */

/* Begin XCBuildConfiguration section */
		6DFAFDED24F6FCE00005E49B /* Debug */ = {
			isa = XCBuildConfiguration;
			buildSettings = {
				ALWAYS_SEARCH_USER_PATHS = NO;
				CLANG_ANALYZER_NONNULL = YES;
				CLANG_ANALYZER_NUMBER_OBJECT_CONVERSION = YES_AGGRESSIVE;
				CLANG_CXX_LANGUAGE_STANDARD = "gnu++14";
				CLANG_CXX_LIBRARY = "libc++";
				CLANG_ENABLE_MODULES = YES;
				CLANG_ENABLE_OBJC_ARC = YES;
				CLANG_ENABLE_OBJC_WEAK = YES;
				CLANG_WARN_BLOCK_CAPTURE_AUTORELEASING = YES;
				CLANG_WARN_BOOL_CONVERSION = YES;
				CLANG_WARN_COMMA = YES;
				CLANG_WARN_CONSTANT_CONVERSION = YES;
				CLANG_WARN_DEPRECATED_OBJC_IMPLEMENTATIONS = YES;
				CLANG_WARN_DIRECT_OBJC_ISA_USAGE = YES_ERROR;
				CLANG_WARN_DOCUMENTATION_COMMENTS = YES;
				CLANG_WARN_EMPTY_BODY = YES;
				CLANG_WARN_ENUM_CONVERSION = YES;
				CLANG_WARN_INFINITE_RECURSION = YES;
				CLANG_WARN_INT_CONVERSION = YES;
				CLANG_WARN_NON_LITERAL_NULL_CONVERSION = YES;
				CLANG_WARN_OBJC_IMPLICIT_RETAIN_SELF = YES;
				CLANG_WARN_OBJC_LITERAL_CONVERSION = YES;
				CLANG_WARN_OBJC_ROOT_CLASS = YES_ERROR;
				CLANG_WARN_RANGE_LOOP_ANALYSIS = YES;
				CLANG_WARN_STRICT_PROTOTYPES = YES;
				CLANG_WARN_SUSPICIOUS_MOVE = YES;
				CLANG_WARN_UNGUARDED_AVAILABILITY = YES_AGGRESSIVE;
				CLANG_WARN_UNREACHABLE_CODE = YES;
				CLANG_WARN__DUPLICATE_METHOD_MATCH = YES;
				COPY_PHASE_STRIP = NO;
				DEBUG_INFORMATION_FORMAT = dwarf;
				ENABLE_STRICT_OBJC_MSGSEND = YES;
				ENABLE_TESTABILITY = YES;
				GCC_C_LANGUAGE_STANDARD = gnu11;
				GCC_DYNAMIC_NO_PIC = NO;
				GCC_NO_COMMON_BLOCKS = YES;
				GCC_OPTIMIZATION_LEVEL = 0;
				GCC_PREPROCESSOR_DEFINITIONS = (
					"DEBUG=1",
					"$(inherited)",
				);
				GCC_WARN_64_TO_32_BIT_CONVERSION = YES;
				GCC_WARN_ABOUT_RETURN_TYPE = YES_ERROR;
				GCC_WARN_UNDECLARED_SELECTOR = YES;
				GCC_WARN_UNINITIALIZED_AUTOS = YES_AGGRESSIVE;
				GCC_WARN_UNUSED_FUNCTION = YES;
				GCC_WARN_UNUSED_VARIABLE = YES;
				IPHONEOS_DEPLOYMENT_TARGET = 13.6;
				MTL_ENABLE_DEBUG_INFO = INCLUDE_SOURCE;
				MTL_FAST_MATH = YES;
				ONLY_ACTIVE_ARCH = YES;
				SDKROOT = iphoneos;
				SWIFT_ACTIVE_COMPILATION_CONDITIONS = DEBUG;
				SWIFT_OPTIMIZATION_LEVEL = "-Onone";
			};
			name = Debug;
		};
		6DFAFDEE24F6FCE00005E49B /* Release */ = {
			isa = XCBuildConfiguration;
			buildSettings = {
				ALWAYS_SEARCH_USER_PATHS = NO;
				CLANG_ANALYZER_NONNULL = YES;
				CLANG_ANALYZER_NUMBER_OBJECT_CONVERSION = YES_AGGRESSIVE;
				CLANG_CXX_LANGUAGE_STANDARD = "gnu++14";
				CLANG_CXX_LIBRARY = "libc++";
				CLANG_ENABLE_MODULES = YES;
				CLANG_ENABLE_OBJC_ARC = YES;
				CLANG_ENABLE_OBJC_WEAK = YES;
				CLANG_WARN_BLOCK_CAPTURE_AUTORELEASING = YES;
				CLANG_WARN_BOOL_CONVERSION = YES;
				CLANG_WARN_COMMA = YES;
				CLANG_WARN_CONSTANT_CONVERSION = YES;
				CLANG_WARN_DEPRECATED_OBJC_IMPLEMENTATIONS = YES;
				CLANG_WARN_DIRECT_OBJC_ISA_USAGE = YES_ERROR;
				CLANG_WARN_DOCUMENTATION_COMMENTS = YES;
				CLANG_WARN_EMPTY_BODY = YES;
				CLANG_WARN_ENUM_CONVERSION = YES;
				CLANG_WARN_INFINITE_RECURSION = YES;
				CLANG_WARN_INT_CONVERSION = YES;
				CLANG_WARN_NON_LITERAL_NULL_CONVERSION = YES;
				CLANG_WARN_OBJC_IMPLICIT_RETAIN_SELF = YES;
				CLANG_WARN_OBJC_LITERAL_CONVERSION = YES;
				CLANG_WARN_OBJC_ROOT_CLASS = YES_ERROR;
				CLANG_WARN_RANGE_LOOP_ANALYSIS = YES;
				CLANG_WARN_STRICT_PROTOTYPES = YES;
				CLANG_WARN_SUSPICIOUS_MOVE = YES;
				CLANG_WARN_UNGUARDED_AVAILABILITY = YES_AGGRESSIVE;
				CLANG_WARN_UNREACHABLE_CODE = YES;
				CLANG_WARN__DUPLICATE_METHOD_MATCH = YES;
				COPY_PHASE_STRIP = NO;
				DEBUG_INFORMATION_FORMAT = "dwarf-with-dsym";
				ENABLE_NS_ASSERTIONS = NO;
				ENABLE_STRICT_OBJC_MSGSEND = YES;
				GCC_C_LANGUAGE_STANDARD = gnu11;
				GCC_NO_COMMON_BLOCKS = YES;
				GCC_WARN_64_TO_32_BIT_CONVERSION = YES;
				GCC_WARN_ABOUT_RETURN_TYPE = YES_ERROR;
				GCC_WARN_UNDECLARED_SELECTOR = YES;
				GCC_WARN_UNINITIALIZED_AUTOS = YES_AGGRESSIVE;
				GCC_WARN_UNUSED_FUNCTION = YES;
				GCC_WARN_UNUSED_VARIABLE = YES;
				IPHONEOS_DEPLOYMENT_TARGET = 13.6;
				MTL_ENABLE_DEBUG_INFO = NO;
				MTL_FAST_MATH = YES;
				SDKROOT = iphoneos;
				SWIFT_COMPILATION_MODE = wholemodule;
				SWIFT_OPTIMIZATION_LEVEL = "-O";
				VALIDATE_PRODUCT = YES;
			};
			name = Release;
		};
		6DFAFDF024F6FCE00005E49B /* Debug */ = {
			isa = XCBuildConfiguration;
			buildSettings = {
				ASSETCATALOG_COMPILER_APPICON_NAME = AppIcon;
				CODE_SIGN_STYLE = Automatic;
				DEVELOPMENT_TEAM = QD77427QCY;
				INFOPLIST_FILE = FlashChat/Info.plist;
				LD_RUNPATH_SEARCH_PATHS = (
					"$(inherited)",
					"@executable_path/Frameworks",
				);
				PRODUCT_BUNDLE_IDENTIFIER = com.edgarh.FlashChat;
				PRODUCT_NAME = "$(TARGET_NAME)";
				SWIFT_VERSION = 5.0;
				TARGETED_DEVICE_FAMILY = "1,2";
			};
			name = Debug;
		};
		6DFAFDF124F6FCE00005E49B /* Release */ = {
			isa = XCBuildConfiguration;
			buildSettings = {
				ASSETCATALOG_COMPILER_APPICON_NAME = AppIcon;
				CODE_SIGN_STYLE = Automatic;
				DEVELOPMENT_TEAM = QD77427QCY;
				INFOPLIST_FILE = FlashChat/Info.plist;
				LD_RUNPATH_SEARCH_PATHS = (
					"$(inherited)",
					"@executable_path/Frameworks",
				);
				PRODUCT_BUNDLE_IDENTIFIER = com.edgarh.FlashChat;
				PRODUCT_NAME = "$(TARGET_NAME)";
				SWIFT_VERSION = 5.0;
				TARGETED_DEVICE_FAMILY = "1,2";
			};
			name = Release;
		};
/* End XCBuildConfiguration section */

/* Begin XCConfigurationList section */
		6DFAFDD624F6FCDF0005E49B /* Build configuration list for PBXProject "FlashChat" */ = {
			isa = XCConfigurationList;
			buildConfigurations = (
				6DFAFDED24F6FCE00005E49B /* Debug */,
				6DFAFDEE24F6FCE00005E49B /* Release */,
			);
			defaultConfigurationIsVisible = 0;
			defaultConfigurationName = Release;
		};
		6DFAFDEF24F6FCE00005E49B /* Build configuration list for PBXNativeTarget "FlashChat" */ = {
			isa = XCConfigurationList;
			buildConfigurations = (
				6DFAFDF024F6FCE00005E49B /* Debug */,
				6DFAFDF124F6FCE00005E49B /* Release */,
			);
			defaultConfigurationIsVisible = 0;
			defaultConfigurationName = Release;
		};
/* End XCConfigurationList section */
	};
	rootObject = 6DFAFDD324F6FCDF0005E49B /* Project object */;
}
